{
    "_meta": {
        "hash": {
            "sha256": "d9690580cbd9dde2534028159042290bee49bb12d73bf469eede8a644b069123"
        },
        "pipfile-spec": 6,
        "requires": {
            "python_version": "3.11"
        },
        "sources": [
            {
                "name": "pypi",
                "url": "https://pypi.org/simple",
                "verify_ssl": true
            }
        ]
    },
    "default": {
        "addict-tracking-changes": {
            "hashes": [
                "sha256:7445222abb79e9c9962bd332edc2bd878d9235552e8185481c77fbcb960d8791",
                "sha256:b0632a0e1f98a2ada677456a45a0987a5b06f63cfea004c558a42d9790e1a8f5"
            ],
            "index": "pypi",
            "version": "==1.0.1"
        },
        "aenum": {
            "hashes": [
                "sha256:2d544ef7323c088d68abf9a84b9f3f6db0d516fec685e15678b5f84fdb7b8ba0",
                "sha256:3e531c91860a81f885f7e6e97d219ae9772cb899580084788935dad7d9742ef0",
                "sha256:8d79c9e3ec997220e355b96b322e672fb56a53e61744138ed838407e3a07b610"
            ],
            "index": "pypi",
            "version": "==3.1.12"
        }
    },
    "develop": {}
}
