{
    "_meta": {
        "hash": {
            "sha256": "9ecb31f26276468889d5c719aea63315140f1c6fcef9c625f2235da818411e44"
        },
        "pipfile-spec": 6,
        "requires": {
            "python_version": "3.11"
        },
        "sources": [
            {
                "name": "pypi",
                "url": "https://pypi.org/simple",
                "verify_ssl": true
            }
        ]
    },
    "default": {
        "addict-tracking-changes": {
            "hashes": [
                "sha256:93b423d06fced021801d548a63d06afa2db090a3d98fc9b5ba71f36e771cec37",
                "sha256:b96abf91f76cbbc64f1ebd662e67007f6bcc40f5e4284d32d97f0c60e6e06d2f"
            ],
            "index": "pypi",
            "markers": "python_version > '3.11'",
            "version": "==1.0.4"
        },
        "dpath": {
            "hashes": [
                "sha256:31407395b177ab63ef72e2f6ae268c15e938f2990a8ecf6510f5686c02b6db73",
                "sha256:f1e07c72e8605c6a9e80b64bc8f42714de08a789c7de417e49c3f87a19692e47"
            ],
            "markers": "python_version >= '3.7'",
            "version": "==2.1.6"
        }
    },
    "develop": {}
}
